
Microsoft Visual Studio Solution File, Format Version 12.00
# Visual Studio Version 16
VisualStudioVersion = 16.0.31624.102
MinimumVisualStudioVersion = 10.0.40219.1
Project("{FAE04EC0-301F-11D3-BF4B-00C04F79EFBC}") = "VisualDemo", "VisualDemo\VisualDemo.csproj", "{A8E09028-B97C-4270-85F1-B07F03F1723D}"
EndProject
Global
	GlobalSection(SolutionConfigurationPlatforms) = preSolution
		Debug|Any CPU = Debug|Any CPU
		Release|Any CPU = Release|Any CPU
	EndGlobalSection
	GlobalSection(ProjectConfigurationPlatforms) = postSolution
		{A8E09028-B97C-4270-85F1-B07F03F1723D}.Debug|Any CPU.ActiveCfg = Debug|Any CPU
		{A8E09028-B97C-4270-85F1-B07F03F1723D}.Debug|Any CPU.Build.0 = Debug|Any CPU
		{A8E09028-B97C-4270-85F1-B07F03F1723D}.Release|Any CPU.ActiveCfg = Release|Any CPU
		{A8E09028-B97C-4270-85F1-B07F03F1723D}.Release|Any CPU.Build.0 = Release|Any CPU
	EndGlobalSection
	GlobalSection(SolutionProperties) = preSolution
		HideSolutionNode = FALSE
	EndGlobalSection
	GlobalSection(ExtensibilityGlobals) = postSolution
		SolutionGuid = {124CE71E-32FE-4880-8846-0BD608C33FF9}
	EndGlobalSection
EndGlobal
